{
  "nodes": {
    "nixpkgs": {
      "locked": {
        "lastModified": 1754498491,
        "narHash": "sha256-erbiH2agUTD0Z30xcVSFcDHzkRvkRXOQ3lb887bcVrs=",
        "owner": "NixOS",
        "repo": "nixpkgs",
        "rev": "c2ae88e026f9525daf89587f3cbee584b92b6134",
        "type": "github"
      },
      "original": {
        "owner": "NixOS",
        "ref": "nixos-unstable",
        "repo": "nixpkgs",
        "type": "github"
      }
    },
    "root": {
      "inputs": {
        "nixpkgs": "nixpkgs",
        "rust-overlay": "rust-overlay"
      }
    },
    "rust-overlay": {
      "inputs": {
        "nixpkgs": [
          "nixpkgs"
        ]
      },
      "locked": {
        "lastModified": 1754707163,
        "narHash": "sha256-wgVgOsyJUDn2ZRpzu2gELKALoJXlBSoZJSln+Tlg5Pw=",
        "owner": "oxalica",
        "repo": "rust-overlay",
        "rev": "ac39ab4c8ed7cefe48d5ae5750f864422df58f01",
        "type": "github"
      },
      "original": {
        "owner": "oxalica",
        "repo": "rust-overlay",
        "type": "github"
      }
    }
  },
  "root": "root",
  "version": 7
}
